// !$*UTF8*$!
{
	archiveVersion = 1;
	classes = {
	};
	objectVersion = 56;
	objects = {

/* Begin PBXBuildFile section */
		E9D75F332AD68C6B000075DF /* AJContactsApp.swift in Sources */ = {isa = PBXBuildFile; fileRef = E9D75F322AD68C6B000075DF /* AJContactsApp.swift */; };
		E9D75F352AD68C6B000075DF /* ContentView.swift in Sources */ = {isa = PBXBuildFile; fileRef = E9D75F342AD68C6B000075DF /* ContentView.swift */; };
		E9D75F372AD68C6C000075DF /* Assets.xcassets in Resources */ = {isa = PBXBuildFile; fileRef = E9D75F362AD68C6C000075DF /* Assets.xcassets */; };
		E9D75F3A2AD68C6C000075DF /* Preview Assets.xcassets in Resources */ = {isa = PBXBuildFile; fileRef = E9D75F392AD68C6C000075DF /* Preview Assets.xcassets */; };
		E9D75F422AD68CD3000075DF /* MyContact.swift in Sources */ = {isa = PBXBuildFile; fileRef = E9D75F412AD68CD3000075DF /* MyContact.swift */; };
		E9D75F452AD68D35000075DF /* CustomTabBar.swift in Sources */ = {isa = PBXBuildFile; fileRef = E9D75F442AD68D35000075DF /* CustomTabBar.swift */; };
		E9D75F482AD6911C000075DF /* TabCurve.swift in Sources */ = {isa = PBXBuildFile; fileRef = E9D75F472AD6911C000075DF /* TabCurve.swift */; };
		E9D75F4A2AD6970A000075DF /* TabBarButton.swift in Sources */ = {isa = PBXBuildFile; fileRef = E9D75F492AD6970A000075DF /* TabBarButton.swift */; };
/* End PBXBuildFile section */

/* Begin PBXFileReference section */
		E9D75F2F2AD68C6B000075DF /* AJContacts.app */ = {isa = PBXFileReference; explicitFileType = wrapper.application; includeInIndex = 0; path = AJContacts.app; sourceTree = BUILT_PRODUCTS_DIR; };
		E9D75F322AD68C6B000075DF /* AJContactsApp.swift */ = {isa = PBXFileReference; lastKnownFileType = sourcecode.swift; path = AJContactsApp.swift; sourceTree = "<group>"; };
		E9D75F342AD68C6B000075DF /* ContentView.swift */ = {isa = PBXFileReference; lastKnownFileType = sourcecode.swift; path = ContentView.swift; sourceTree = "<group>"; };
		E9D75F362AD68C6C000075DF /* Assets.xcassets */ = {isa = PBXFileReference; lastKnownFileType = folder.assetcatalog; path = Assets.xcassets; sourceTree = "<group>"; };
		E9D75F392AD68C6C000075DF /* Preview Assets.xcassets */ = {isa = PBXFileReference; lastKnownFileType = folder.assetcatalog; path = "Preview Assets.xcassets"; sourceTree = "<group>"; };
		E9D75F412AD68CD3000075DF /* MyContact.swift */ = {isa = PBXFileReference; lastKnownFileType = sourcecode.swift; path = MyContact.swift; sourceTree = "<group>"; };
		E9D75F442AD68D35000075DF /* CustomTabBar.swift */ = {isa = PBXFileReference; lastKnownFileType = sourcecode.swift; path = CustomTabBar.swift; sourceTree = "<group>"; };
		E9D75F472AD6911C000075DF /* TabCurve.swift */ = {isa = PBXFileReference; lastKnownFileType = sourcecode.swift; path = TabCurve.swift; sourceTree = "<group>"; };
		E9D75F492AD6970A000075DF /* TabBarButton.swift */ = {isa = PBXFileReference; lastKnownFileType = sourcecode.swift; path = TabBarButton.swift; sourceTree = "<group>"; };
/* End PBXFileReference section */

/* Begin PBXFrameworksBuildPhase section */
		E9D75F2C2AD68C6B000075DF /* Frameworks */ = {
			isa = PBXFrameworksBuildPhase;
			buildActionMask = 2147483647;
			files = (
			);
			runOnlyForDeploymentPostprocessing = 0;
		};
/* End PBXFrameworksBuildPhase section */

/* Begin PBXGroup section */
		E9D75F262AD68C6B000075DF = {
			isa = PBXGroup;
			children = (
				E9D75F312AD68C6B000075DF /* AJContacts */,
				E9D75F302AD68C6B000075DF /* Products */,
			);
			sourceTree = "<group>";
		};
		E9D75F302AD68C6B000075DF /* Products */ = {
			isa = PBXGroup;
			children = (
				E9D75F2F2AD68C6B000075DF /* AJContacts.app */,
			);
			name = Products;
			sourceTree = "<group>";
		};
		E9D75F312AD68C6B000075DF /* AJContacts */ = {
			isa = PBXGroup;
			children = (
				E9D75F462AD6910E000075DF /* TabBar */,
				E9D75F402AD68CAA000075DF /* View */,
				E9D75F322AD68C6B000075DF /* AJContactsApp.swift */,
				E9D75F342AD68C6B000075DF /* ContentView.swift */,
				E9D75F362AD68C6C000075DF /* Assets.xcassets */,
				E9D75F382AD68C6C000075DF /* Preview Content */,
			);
			path = AJContacts;
			sourceTree = "<group>";
		};
		E9D75F382AD68C6C000075DF /* Preview Content */ = {
			isa = PBXGroup;
			children = (
				E9D75F392AD68C6C000075DF /* Preview Assets.xcassets */,
			);
			path = "Preview Content";
			sourceTree = "<group>";
		};
		E9D75F402AD68CAA000075DF /* View */ = {
			isa = PBXGroup;
			children = (
				E9D75F412AD68CD3000075DF /* MyContact.swift */,
			);
			path = View;
			sourceTree = "<group>";
		};
		E9D75F462AD6910E000075DF /* TabBar */ = {
			isa = PBXGroup;
			children = (
				E9D75F442AD68D35000075DF /* CustomTabBar.swift */,
				E9D75F472AD6911C000075DF /* TabCurve.swift */,
				E9D75F492AD6970A000075DF /* TabBarButton.swift */,
			);
			path = TabBar;
			sourceTree = "<group>";
		};
/* End PBXGroup section */

/* Begin PBXNativeTarget section */
		E9D75F2E2AD68C6B000075DF /* AJContacts */ = {
			isa = PBXNativeTarget;
			buildConfigurationList = E9D75F3D2AD68C6C000075DF /* Build configuration list for PBXNativeTarget "AJContacts" */;
			buildPhases = (
				E9D75F2B2AD68C6B000075DF /* Sources */,
				E9D75F2C2AD68C6B000075DF /* Frameworks */,
				E9D75F2D2AD68C6B000075DF /* Resources */,
			);
			buildRules = (
			);
			dependencies = (
			);
			name = AJContacts;
			productName = AJContacts;
			productReference = E9D75F2F2AD68C6B000075DF /* AJContacts.app */;
			productType = "com.apple.product-type.application";
		};
/* End PBXNativeTarget section */

/* Begin PBXProject section */
		E9D75F272AD68C6B000075DF /* Project object */ = {
			isa = PBXProject;
			attributes = {
				BuildIndependentTargetsInParallel = 1;
				LastSwiftUpdateCheck = 1430;
				LastUpgradeCheck = 1430;
				TargetAttributes = {
					E9D75F2E2AD68C6B000075DF = {
						CreatedOnToolsVersion = 14.3.1;
					};
				};
			};
			buildConfigurationList = E9D75F2A2AD68C6B000075DF /* Build configuration list for PBXProject "AJContacts" */;
			compatibilityVersion = "Xcode 14.0";
			developmentRegion = en;
			hasScannedForEncodings = 0;
			knownRegions = (
				en,
				Base,
			);
			mainGroup = E9D75F262AD68C6B000075DF;
			productRefGroup = E9D75F302AD68C6B000075DF /* Products */;
			projectDirPath = "";
			projectRoot = "";
			targets = (
				E9D75F2E2AD68C6B000075DF /* AJContacts */,
			);
		};
/* End PBXProject section */

/* Begin PBXResourcesBuildPhase section */
		E9D75F2D2AD68C6B000075DF /* Resources */ = {
			isa = PBXResourcesBuildPhase;
			buildActionMask = 2147483647;
			files = (
				E9D75F3A2AD68C6C000075DF /* Preview Assets.xcassets in Resources */,
				E9D75F372AD68C6C000075DF /* Assets.xcassets in Resources */,
			);
			runOnlyForDeploymentPostprocessing = 0;
		};
/* End PBXResourcesBuildPhase section */

/* Begin PBXSourcesBuildPhase section */
		E9D75F2B2AD68C6B000075DF /* Sources */ = {
			isa = PBXSourcesBuildPhase;
			buildActionMask = 2147483647;
			files = (
				E9D75F452AD68D35000075DF /* CustomTabBar.swift in Sources */,
				E9D75F352AD68C6B000075DF /* ContentView.swift in Sources */,
				E9D75F332AD68C6B000075DF /* AJContactsApp.swift in Sources */,
				E9D75F422AD68CD3000075DF /* MyContact.swift in Sources */,
				E9D75F482AD6911C000075DF /* TabCurve.swift in Sources */,
				E9D75F4A2AD6970A000075DF /* TabBarButton.swift in Sources */,
			);
			runOnlyForDeploymentPostprocessing = 0;
		};
/* End PBXSourcesBuildPhase section */

/* Begin XCBuildConfiguration section */
		E9D75F3B2AD68C6C000075DF /* Debug */ = {
			isa = XCBuildConfiguration;
			buildSettings = {
				ALWAYS_SEARCH_USER_PATHS = NO;
				CLANG_ANALYZER_NONNULL = YES;
				CLANG_ANALYZER_NUMBER_OBJECT_CONVERSION = YES_AGGRESSIVE;
				CLANG_CXX_LANGUAGE_STANDARD = "gnu++20";
				CLANG_ENABLE_MODULES = YES;
				CLANG_ENABLE_OBJC_ARC = YES;
				CLANG_ENABLE_OBJC_WEAK = YES;
				CLANG_WARN_BLOCK_CAPTURE_AUTORELEASING = YES;
				CLANG_WARN_BOOL_CONVERSION = YES;
				CLANG_WARN_COMMA = YES;
				CLANG_WARN_CONSTANT_CONVERSION = YES;
				CLANG_WARN_DEPRECATED_OBJC_IMPLEMENTATIONS = YES;
				CLANG_WARN_DIRECT_OBJC_ISA_USAGE = YES_ERROR;
				CLANG_WARN_DOCUMENTATION_COMMENTS = YES;
				CLANG_WARN_EMPTY_BODY = YES;
				CLANG_WARN_ENUM_CONVERSION = YES;
				CLANG_WARN_INFINITE_RECURSION = YES;
				CLANG_WARN_INT_CONVERSION = YES;
				CLANG_WARN_NON_LITERAL_NULL_CONVERSION = YES;
				CLANG_WARN_OBJC_IMPLICIT_RETAIN_SELF = YES;
				CLANG_WARN_OBJC_LITERAL_CONVERSION = YES;
				CLANG_WARN_OBJC_ROOT_CLASS = YES_ERROR;
				CLANG_WARN_QUOTED_INCLUDE_IN_FRAMEWORK_HEADER = YES;
				CLANG_WARN_RANGE_LOOP_ANALYSIS = YES;
				CLANG_WARN_STRICT_PROTOTYPES = YES;
				CLANG_WARN_SUSPICIOUS_MOVE = YES;
				CLANG_WARN_UNGUARDED_AVAILABILITY = YES_AGGRESSIVE;
				CLANG_WARN_UNREACHABLE_CODE = YES;
				CLANG_WARN__DUPLICATE_METHOD_MATCH = YES;
				COPY_PHASE_STRIP = NO;
				DEBUG_INFORMATION_FORMAT = dwarf;
				ENABLE_STRICT_OBJC_MSGSEND = YES;
				ENABLE_TESTABILITY = YES;
				GCC_C_LANGUAGE_STANDARD = gnu11;
				GCC_DYNAMIC_NO_PIC = NO;
				GCC_NO_COMMON_BLOCKS = YES;
				GCC_OPTIMIZATION_LEVEL = 0;
				GCC_PREPROCESSOR_DEFINITIONS = (
					"DEBUG=1",
					"$(inherited)",
				);
				GCC_WARN_64_TO_32_BIT_CONVERSION = YES;
				GCC_WARN_ABOUT_RETURN_TYPE = YES_ERROR;
				GCC_WARN_UNDECLARED_SELECTOR = YES;
				GCC_WARN_UNINITIALIZED_AUTOS = YES_AGGRESSIVE;
				GCC_WARN_UNUSED_FUNCTION = YES;
				GCC_WARN_UNUSED_VARIABLE = YES;
				IPHONEOS_DEPLOYMENT_TARGET = 16.4;
				MTL_ENABLE_DEBUG_INFO = INCLUDE_SOURCE;
				MTL_FAST_MATH = YES;
				ONLY_ACTIVE_ARCH = YES;
				SDKROOT = iphoneos;
				SWIFT_ACTIVE_COMPILATION_CONDITIONS = DEBUG;
				SWIFT_OPTIMIZATION_LEVEL = "-Onone";
			};
			name = Debug;
		};
		E9D75F3C2AD68C6C000075DF /* Release */ = {
			isa = XCBuildConfiguration;
			buildSettings = {
				ALWAYS_SEARCH_USER_PATHS = NO;
				CLANG_ANALYZER_NONNULL = YES;
				CLANG_ANALYZER_NUMBER_OBJECT_CONVERSION = YES_AGGRESSIVE;
				CLANG_CXX_LANGUAGE_STANDARD = "gnu++20";
				CLANG_ENABLE_MODULES = YES;
				CLANG_ENABLE_OBJC_ARC = YES;
				CLANG_ENABLE_OBJC_WEAK = YES;
				CLANG_WARN_BLOCK_CAPTURE_AUTORELEASING = YES;
				CLANG_WARN_BOOL_CONVERSION = YES;
				CLANG_WARN_COMMA = YES;
				CLANG_WARN_CONSTANT_CONVERSION = YES;
				CLANG_WARN_DEPRECATED_OBJC_IMPLEMENTATIONS = YES;
				CLANG_WARN_DIRECT_OBJC_ISA_USAGE = YES_ERROR;
				CLANG_WARN_DOCUMENTATION_COMMENTS = YES;
				CLANG_WARN_EMPTY_BODY = YES;
				CLANG_WARN_ENUM_CONVERSION = YES;
				CLANG_WARN_INFINITE_RECURSION = YES;
				CLANG_WARN_INT_CONVERSION = YES;
				CLANG_WARN_NON_LITERAL_NULL_CONVERSION = YES;
				CLANG_WARN_OBJC_IMPLICIT_RETAIN_SELF = YES;
				CLANG_WARN_OBJC_LITERAL_CONVERSION = YES;
				CLANG_WARN_OBJC_ROOT_CLASS = YES_ERROR;
				CLANG_WARN_QUOTED_INCLUDE_IN_FRAMEWORK_HEADER = YES;
				CLANG_WARN_RANGE_LOOP_ANALYSIS = YES;
				CLANG_WARN_STRICT_PROTOTYPES = YES;
				CLANG_WARN_SUSPICIOUS_MOVE = YES;
				CLANG_WARN_UNGUARDED_AVAILABILITY = YES_AGGRESSIVE;
				CLANG_WARN_UNREACHABLE_CODE = YES;
				CLANG_WARN__DUPLICATE_METHOD_MATCH = YES;
				COPY_PHASE_STRIP = NO;
				DEBUG_INFORMATION_FORMAT = "dwarf-with-dsym";
				ENABLE_NS_ASSERTIONS = NO;
				ENABLE_STRICT_OBJC_MSGSEND = YES;
				GCC_C_LANGUAGE_STANDARD = gnu11;
				GCC_NO_COMMON_BLOCKS = YES;
				GCC_WARN_64_TO_32_BIT_CONVERSION = YES;
				GCC_WARN_ABOUT_RETURN_TYPE = YES_ERROR;
				GCC_WARN_UNDECLARED_SELECTOR = YES;
				GCC_WARN_UNINITIALIZED_AUTOS = YES_AGGRESSIVE;
				GCC_WARN_UNUSED_FUNCTION = YES;
				GCC_WARN_UNUSED_VARIABLE = YES;
				IPHONEOS_DEPLOYMENT_TARGET = 16.4;
				MTL_ENABLE_DEBUG_INFO = NO;
				MTL_FAST_MATH = YES;
				SDKROOT = iphoneos;
				SWIFT_COMPILATION_MODE = wholemodule;
				SWIFT_OPTIMIZATION_LEVEL = "-O";
				VALIDATE_PRODUCT = YES;
			};
			name = Release;
		};
		E9D75F3E2AD68C6C000075DF /* Debug */ = {
			isa = XCBuildConfiguration;
			buildSettings = {
				ASSETCATALOG_COMPILER_APPICON_NAME = AppIcon;
				ASSETCATALOG_COMPILER_GLOBAL_ACCENT_COLOR_NAME = AccentColor;
				CODE_SIGN_STYLE = Automatic;
				CURRENT_PROJECT_VERSION = 1;
				DEVELOPMENT_ASSET_PATHS = "\"AJContacts/Preview Content\"";
				ENABLE_PREVIEWS = YES;
				GENERATE_INFOPLIST_FILE = YES;
				INFOPLIST_KEY_UIApplicationSceneManifest_Generation = YES;
				INFOPLIST_KEY_UIApplicationSupportsIndirectInputEvents = YES;
				INFOPLIST_KEY_UILaunchScreen_Generation = YES;
				INFOPLIST_KEY_UISupportedInterfaceOrientations_iPad = "UIInterfaceOrientationPortrait UIInterfaceOrientationPortraitUpsideDown UIInterfaceOrientationLandscapeLeft UIInterfaceOrientationLandscapeRight";
				INFOPLIST_KEY_UISupportedInterfaceOrientations_iPhone = "UIInterfaceOrientationPortrait UIInterfaceOrientationLandscapeLeft UIInterfaceOrientationLandscapeRight";
				LD_RUNPATH_SEARCH_PATHS = (
					"$(inherited)",
					"@executable_path/Frameworks",
				);
				MARKETING_VERSION = 1.0;
				PRODUCT_BUNDLE_IDENTIFIER = ans.AJContacts;
				PRODUCT_NAME = "$(TARGET_NAME)";
				SWIFT_EMIT_LOC_STRINGS = YES;
				SWIFT_VERSION = 5.0;
				TARGETED_DEVICE_FAMILY = "1,2";
			};
			name = Debug;
		};
		E9D75F3F2AD68C6C000075DF /* Release */ = {
			isa = XCBuildConfiguration;
			buildSettings = {
				ASSETCATALOG_COMPILER_APPICON_NAME = AppIcon;
				ASSETCATALOG_COMPILER_GLOBAL_ACCENT_COLOR_NAME = AccentColor;
				CODE_SIGN_STYLE = Automatic;
				CURRENT_PROJECT_VERSION = 1;
				DEVELOPMENT_ASSET_PATHS = "\"AJContacts/Preview Content\"";
				ENABLE_PREVIEWS = YES;
				GENERATE_INFOPLIST_FILE = YES;
				INFOPLIST_KEY_UIApplicationSceneManifest_Generation = YES;
				INFOPLIST_KEY_UIApplicationSupportsIndirectInputEvents = YES;
				INFOPLIST_KEY_UILaunchScreen_Generation = YES;
				INFOPLIST_KEY_UISupportedInterfaceOrientations_iPad = "UIInterfaceOrientationPortrait UIInterfaceOrientationPortraitUpsideDown UIInterfaceOrientationLandscapeLeft UIInterfaceOrientationLandscapeRight";
				INFOPLIST_KEY_UISupportedInterfaceOrientations_iPhone = "UIInterfaceOrientationPortrait UIInterfaceOrientationLandscapeLeft UIInterfaceOrientationLandscapeRight";
				LD_RUNPATH_SEARCH_PATHS = (
					"$(inherited)",
					"@executable_path/Frameworks",
				);
				MARKETING_VERSION = 1.0;
				PRODUCT_BUNDLE_IDENTIFIER = ans.AJContacts;
				PRODUCT_NAME = "$(TARGET_NAME)";
				SWIFT_EMIT_LOC_STRINGS = YES;
				SWIFT_VERSION = 5.0;
				TARGETED_DEVICE_FAMILY = "1,2";
			};
			name = Release;
		};
/* End XCBuildConfiguration section */

/* Begin XCConfigurationList section */
		E9D75F2A2AD68C6B000075DF /* Build configuration list for PBXProject "AJContacts" */ = {
			isa = XCConfigurationList;
			buildConfigurations = (
				E9D75F3B2AD68C6C000075DF /* Debug */,
				E9D75F3C2AD68C6C000075DF /* Release */,
			);
			defaultConfigurationIsVisible = 0;
			defaultConfigurationName = Release;
		};
		E9D75F3D2AD68C6C000075DF /* Build configuration list for PBXNativeTarget "AJContacts" */ = {
			isa = XCConfigurationList;
			buildConfigurations = (
				E9D75F3E2AD68C6C000075DF /* Debug */,
				E9D75F3F2AD68C6C000075DF /* Release */,
			);
			defaultConfigurationIsVisible = 0;
			defaultConfigurationName = Release;
		};
/* End XCConfigurationList section */
	};
	rootObject = E9D75F272AD68C6B000075DF /* Project object */;
}
